# This file is automatically @generated by Cargo.
# It is not intended for manual editing.
version = 4

[[package]]
name = "core"
version = "0.0.0"

[[package]]
name = "cs_binder_tauri"
version = "0.0.0"
dependencies = [
 "core",
]

[[package]]
name = "cs_questionnaire_tauri"
version = "0.0.0"
dependencies = [
 "core",
]

[[package]]
name = "cs_sop_tauri"
version = "0.0.0"
dependencies = [
 "core",
]
